
Microsoft Visual Studio Solution File, Format Version 12.00
# Visual Studio Version 17
VisualStudioVersion = 17.9.34728.123
MinimumVisualStudioVersion = 10.0.40219.1
Project("{FAE04EC0-301F-11D3-BF4B-00C04F79EFBC}") = "ControllerAssignment", "ControllerAssignment\ControllerAssignment.csproj", "{A87B2192-7A11-420E-B0BC-285907FF5DEF}"
EndProject
Global
	GlobalSection(SolutionConfigurationPlatforms) = preSolution
		Debug|Any CPU = Debug|Any CPU
		Release|Any CPU = Release|Any CPU
	EndGlobalSection
	GlobalSection(ProjectConfigurationPlatforms) = postSolution
		{A87B2192-7A11-420E-B0BC-285907FF5DEF}.Debug|Any CPU.ActiveCfg = Debug|Any CPU
		{A87B2192-7A11-420E-B0BC-285907FF5DEF}.Debug|Any CPU.Build.0 = Debug|Any CPU
		{A87B2192-7A11-420E-B0BC-285907FF5DEF}.Release|Any CPU.ActiveCfg = Release|Any CPU
		{A87B2192-7A11-420E-B0BC-285907FF5DEF}.Release|Any CPU.Build.0 = Release|Any CPU
	EndGlobalSection
	GlobalSection(SolutionProperties) = preSolution
		HideSolutionNode = FALSE
	EndGlobalSection
	GlobalSection(ExtensibilityGlobals) = postSolution
		SolutionGuid = {6EB53D4A-7C6D-4F24-8B32-DF979727A6EE}
	EndGlobalSection
EndGlobal
